// !$*UTF8*$!
{
	archiveVersion = 1;
	classes = {
	};
	objectVersion = 46;
	objects = {

/* Begin PBXBuildFile section */
		B08CB9631B1925BF004156BC /* AppDelegate.swift in Sources */ = {isa = PBXBuildFile; fileRef = B08CB9621B1925BF004156BC /* AppDelegate.swift */; };
		B08CB9651B1925BF004156BC /* ViewController.swift in Sources */ = {isa = PBXBuildFile; fileRef = B08CB9641B1925BF004156BC /* ViewController.swift */; };
		B08CB9681B1925BF004156BC /* Main.storyboard in Resources */ = {isa = PBXBuildFile; fileRef = B08CB9661B1925BF004156BC /* Main.storyboard */; };
		B08CB96A1B1925BF004156BC /* Images.xcassets in Resources */ = {isa = PBXBuildFile; fileRef = B08CB9691B1925BF004156BC /* Images.xcassets */; };
		B08CB96D1B1925BF004156BC /* LaunchScreen.xib in Resources */ = {isa = PBXBuildFile; fileRef = B08CB96B1B1925BF004156BC /* LaunchScreen.xib */; };
		B08CB9791B1925BF004156BC /* PickerViewTests.swift in Sources */ = {isa = PBXBuildFile; fileRef = B08CB9781B1925BF004156BC /* PickerViewTests.swift */; };
/* End PBXBuildFile section */

/* Begin PBXContainerItemProxy section */
		B08CB9731B1925BF004156BC /* PBXContainerItemProxy */ = {
			isa = PBXContainerItemProxy;
			containerPortal = B08CB9551B1925BF004156BC /* Project object */;
			proxyType = 1;
			remoteGlobalIDString = B08CB95C1B1925BF004156BC;
			remoteInfo = PickerView;
		};
/* End PBXContainerItemProxy section */

/* Begin PBXFileReference section */
		B08CB95D1B1925BF004156BC /* PickerView.app */ = {isa = PBXFileReference; explicitFileType = wrapper.application; includeInIndex = 0; path = PickerView.app; sourceTree = BUILT_PRODUCTS_DIR; };
		B08CB9611B1925BF004156BC /* Info.plist */ = {isa = PBXFileReference; lastKnownFileType = text.plist.xml; path = Info.plist; sourceTree = "<group>"; };
		B08CB9621B1925BF004156BC /* AppDelegate.swift */ = {isa = PBXFileReference; lastKnownFileType = sourcecode.swift; path = AppDelegate.swift; sourceTree = "<group>"; };
		B08CB9641B1925BF004156BC /* ViewController.swift */ = {isa = PBXFileReference; lastKnownFileType = sourcecode.swift; path = ViewController.swift; sourceTree = "<group>"; };
		B08CB9671B1925BF004156BC /* Base */ = {isa = PBXFileReference; lastKnownFileType = file.storyboard; name = Base; path = Base.lproj/Main.storyboard; sourceTree = "<group>"; };
		B08CB9691B1925BF004156BC /* Images.xcassets */ = {isa = PBXFileReference; lastKnownFileType = folder.assetcatalog; path = Images.xcassets; sourceTree = "<group>"; };
		B08CB96C1B1925BF004156BC /* Base */ = {isa = PBXFileReference; lastKnownFileType = file.xib; name = Base; path = Base.lproj/LaunchScreen.xib; sourceTree = "<group>"; };
		B08CB9721B1925BF004156BC /* PickerViewTests.xctest */ = {isa = PBXFileReference; explicitFileType = wrapper.cfbundle; includeInIndex = 0; path = PickerViewTests.xctest; sourceTree = BUILT_PRODUCTS_DIR; };
		B08CB9771B1925BF004156BC /* Info.plist */ = {isa = PBXFileReference; lastKnownFileType = text.plist.xml; path = Info.plist; sourceTree = "<group>"; };
		B08CB9781B1925BF004156BC /* PickerViewTests.swift */ = {isa = PBXFileReference; lastKnownFileType = sourcecode.swift; path = PickerViewTests.swift; sourceTree = "<group>"; };
/* End PBXFileReference section */

/* Begin PBXFrameworksBuildPhase section */
		B08CB95A1B1925BF004156BC /* Frameworks */ = {
			isa = PBXFrameworksBuildPhase;
			buildActionMask = 2147483647;
			files = (
			);
			runOnlyForDeploymentPostprocessing = 0;
		};
		B08CB96F1B1925BF004156BC /* Frameworks */ = {
			isa = PBXFrameworksBuildPhase;
			buildActionMask = 2147483647;
			files = (
			);
			runOnlyForDeploymentPostprocessing = 0;
		};
/* End PBXFrameworksBuildPhase section */

/* Begin PBXGroup section */
		B08CB9541B1925BF004156BC = {
			isa = PBXGroup;
			children = (
				B08CB95F1B1925BF004156BC /* PickerView */,
				B08CB9751B1925BF004156BC /* PickerViewTests */,
				B08CB95E1B1925BF004156BC /* Products */,
			);
			sourceTree = "<group>";
		};
		B08CB95E1B1925BF004156BC /* Products */ = {
			isa = PBXGroup;
			children = (
				B08CB95D1B1925BF004156BC /* PickerView.app */,
				B08CB9721B1925BF004156BC /* PickerViewTests.xctest */,
			);
			name = Products;
			sourceTree = "<group>";
		};
		B08CB95F1B1925BF004156BC /* PickerView */ = {
			isa = PBXGroup;
			children = (
				B08CB9621B1925BF004156BC /* AppDelegate.swift */,
				B08CB9641B1925BF004156BC /* ViewController.swift */,
				B08CB9661B1925BF004156BC /* Main.storyboard */,
				B08CB9691B1925BF004156BC /* Images.xcassets */,
				B08CB96B1B1925BF004156BC /* LaunchScreen.xib */,
				B08CB9601B1925BF004156BC /* Supporting Files */,
			);
			path = PickerView;
			sourceTree = "<group>";
		};
		B08CB9601B1925BF004156BC /* Supporting Files */ = {
			isa = PBXGroup;
			children = (
				B08CB9611B1925BF004156BC /* Info.plist */,
			);
			name = "Supporting Files";
			sourceTree = "<group>";
		};
		B08CB9751B1925BF004156BC /* PickerViewTests */ = {
			isa = PBXGroup;
			children = (
				B08CB9781B1925BF004156BC /* PickerViewTests.swift */,
				B08CB9761B1925BF004156BC /* Supporting Files */,
			);
			path = PickerViewTests;
			sourceTree = "<group>";
		};
		B08CB9761B1925BF004156BC /* Supporting Files */ = {
			isa = PBXGroup;
			children = (
				B08CB9771B1925BF004156BC /* Info.plist */,
			);
			name = "Supporting Files";
			sourceTree = "<group>";
		};
/* End PBXGroup section */

/* Begin PBXNativeTarget section */
		B08CB95C1B1925BF004156BC /* PickerView */ = {
			isa = PBXNativeTarget;
			buildConfigurationList = B08CB97C1B1925BF004156BC /* Build configuration list for PBXNativeTarget "PickerView" */;
			buildPhases = (
				B08CB9591B1925BF004156BC /* Sources */,
				B08CB95A1B1925BF004156BC /* Frameworks */,
				B08CB95B1B1925BF004156BC /* Resources */,
			);
			buildRules = (
			);
			dependencies = (
			);
			name = PickerView;
			productName = PickerView;
			productReference = B08CB95D1B1925BF004156BC /* PickerView.app */;
			productType = "com.apple.product-type.application";
		};
		B08CB9711B1925BF004156BC /* PickerViewTests */ = {
			isa = PBXNativeTarget;
			buildConfigurationList = B08CB97F1B1925BF004156BC /* Build configuration list for PBXNativeTarget "PickerViewTests" */;
			buildPhases = (
				B08CB96E1B1925BF004156BC /* Sources */,
				B08CB96F1B1925BF004156BC /* Frameworks */,
				B08CB9701B1925BF004156BC /* Resources */,
			);
			buildRules = (
			);
			dependencies = (
				B08CB9741B1925BF004156BC /* PBXTargetDependency */,
			);
			name = PickerViewTests;
			productName = PickerViewTests;
			productReference = B08CB9721B1925BF004156BC /* PickerViewTests.xctest */;
			productType = "com.apple.product-type.bundle.unit-test";
		};
/* End PBXNativeTarget section */

/* Begin PBXProject section */
		B08CB9551B1925BF004156BC /* Project object */ = {
			isa = PBXProject;
			attributes = {
				LastUpgradeCheck = 0630;
				ORGANIZATIONNAME = network;
				TargetAttributes = {
					B08CB95C1B1925BF004156BC = {
						CreatedOnToolsVersion = 6.3;
					};
					B08CB9711B1925BF004156BC = {
						CreatedOnToolsVersion = 6.3;
						TestTargetID = B08CB95C1B1925BF004156BC;
					};
				};
			};
			buildConfigurationList = B08CB9581B1925BF004156BC /* Build configuration list for PBXProject "PickerView" */;
			compatibilityVersion = "Xcode 3.2";
			developmentRegion = English;
			hasScannedForEncodings = 0;
			knownRegions = (
				en,
				Base,
			);
			mainGroup = B08CB9541B1925BF004156BC;
			productRefGroup = B08CB95E1B1925BF004156BC /* Products */;
			projectDirPath = "";
			projectRoot = "";
			targets = (
				B08CB95C1B1925BF004156BC /* PickerView */,
				B08CB9711B1925BF004156BC /* PickerViewTests */,
			);
		};
/* End PBXProject section */

/* Begin PBXResourcesBuildPhase section */
		B08CB95B1B1925BF004156BC /* Resources */ = {
			isa = PBXResourcesBuildPhase;
			buildActionMask = 2147483647;
			files = (
				B08CB9681B1925BF004156BC /* Main.storyboard in Resources */,
				B08CB96D1B1925BF004156BC /* LaunchScreen.xib in Resources */,
				B08CB96A1B1925BF004156BC /* Images.xcassets in Resources */,
			);
			runOnlyForDeploymentPostprocessing = 0;
		};
		B08CB9701B1925BF004156BC /* Resources */ = {
			isa = PBXResourcesBuildPhase;
			buildActionMask = 2147483647;
			files = (
			);
			runOnlyForDeploymentPostprocessing = 0;
		};
/* End PBXResourcesBuildPhase section */

/* Begin PBXSourcesBuildPhase section */
		B08CB9591B1925BF004156BC /* Sources */ = {
			isa = PBXSourcesBuildPhase;
			buildActionMask = 2147483647;
			files = (
				B08CB9651B1925BF004156BC /* ViewController.swift in Sources */,
				B08CB9631B1925BF004156BC /* AppDelegate.swift in Sources */,
			);
			runOnlyForDeploymentPostprocessing = 0;
		};
		B08CB96E1B1925BF004156BC /* Sources */ = {
			isa = PBXSourcesBuildPhase;
			buildActionMask = 2147483647;
			files = (
				B08CB9791B1925BF004156BC /* PickerViewTests.swift in Sources */,
			);
			runOnlyForDeploymentPostprocessing = 0;
		};
/* End PBXSourcesBuildPhase section */

/* Begin PBXTargetDependency section */
		B08CB9741B1925BF004156BC /* PBXTargetDependency */ = {
			isa = PBXTargetDependency;
			target = B08CB95C1B1925BF004156BC /* PickerView */;
			targetProxy = B08CB9731B1925BF004156BC /* PBXContainerItemProxy */;
		};
/* End PBXTargetDependency section */

/* Begin PBXVariantGroup section */
		B08CB9661B1925BF004156BC /* Main.storyboard */ = {
			isa = PBXVariantGroup;
			children = (
				B08CB9671B1925BF004156BC /* Base */,
			);
			name = Main.storyboard;
			sourceTree = "<group>";
		};
		B08CB96B1B1925BF004156BC /* LaunchScreen.xib */ = {
			isa = PBXVariantGroup;
			children = (
				B08CB96C1B1925BF004156BC /* Base */,
			);
			name = LaunchScreen.xib;
			sourceTree = "<group>";
		};
/* End PBXVariantGroup section */

/* Begin XCBuildConfiguration section */
		B08CB97A1B1925BF004156BC /* Debug */ = {
			isa = XCBuildConfiguration;
			buildSettings = {
				ALWAYS_SEARCH_USER_PATHS = NO;
				CLANG_CXX_LANGUAGE_STANDARD = "gnu++0x";
				CLANG_CXX_LIBRARY = "libc++";
				CLANG_ENABLE_MODULES = YES;
				CLANG_ENABLE_OBJC_ARC = YES;
				CLANG_WARN_BOOL_CONVERSION = YES;
				CLANG_WARN_CONSTANT_CONVERSION = YES;
				CLANG_WARN_DIRECT_OBJC_ISA_USAGE = YES_ERROR;
				CLANG_WARN_EMPTY_BODY = YES;
				CLANG_WARN_ENUM_CONVERSION = YES;
				CLANG_WARN_INT_CONVERSION = YES;
				CLANG_WARN_OBJC_ROOT_CLASS = YES_ERROR;
				CLANG_WARN_UNREACHABLE_CODE = YES;
				CLANG_WARN__DUPLICATE_METHOD_MATCH = YES;
				"CODE_SIGN_IDENTITY[sdk=iphoneos*]" = "iPhone Developer";
				COPY_PHASE_STRIP = NO;
				DEBUG_INFORMATION_FORMAT = "dwarf-with-dsym";
				ENABLE_STRICT_OBJC_MSGSEND = YES;
				GCC_C_LANGUAGE_STANDARD = gnu99;
				GCC_DYNAMIC_NO_PIC = NO;
				GCC_NO_COMMON_BLOCKS = YES;
				GCC_OPTIMIZATION_LEVEL = 0;
				GCC_PREPROCESSOR_DEFINITIONS = (
					"DEBUG=1",
					"$(inherited)",
				);
				GCC_SYMBOLS_PRIVATE_EXTERN = NO;
				GCC_WARN_64_TO_32_BIT_CONVERSION = YES;
				GCC_WARN_ABOUT_RETURN_TYPE = YES_ERROR;
				GCC_WARN_UNDECLARED_SELECTOR = YES;
				GCC_WARN_UNINITIALIZED_AUTOS = YES_AGGRESSIVE;
				GCC_WARN_UNUSED_FUNCTION = YES;
				GCC_WARN_UNUSED_VARIABLE = YES;
				IPHONEOS_DEPLOYMENT_TARGET = 8.3;
				MTL_ENABLE_DEBUG_INFO = YES;
				ONLY_ACTIVE_ARCH = YES;
				SDKROOT = iphoneos;
				SWIFT_OPTIMIZATION_LEVEL = "-Onone";
			};
			name = Debug;
		};
		B08CB97B1B1925BF004156BC /* Release */ = {
			isa = XCBuildConfiguration;
			buildSettings = {
				ALWAYS_SEARCH_USER_PATHS = NO;
				CLANG_CXX_LANGUAGE_STANDARD = "gnu++0x";
				CLANG_CXX_LIBRARY = "libc++";
				CLANG_ENABLE_MODULES = YES;
				CLANG_ENABLE_OBJC_ARC = YES;
				CLANG_WARN_BOOL_CONVERSION = YES;
				CLANG_WARN_CONSTANT_CONVERSION = YES;
				CLANG_WARN_DIRECT_OBJC_ISA_USAGE = YES_ERROR;
				CLANG_WARN_EMPTY_BODY = YES;
				CLANG_WARN_ENUM_CONVERSION = YES;
				CLANG_WARN_INT_CONVERSION = YES;
				CLANG_WARN_OBJC_ROOT_CLASS = YES_ERROR;
				CLANG_WARN_UNREACHABLE_CODE = YES;
				CLANG_WARN__DUPLICATE_METHOD_MATCH = YES;
				"CODE_SIGN_IDENTITY[sdk=iphoneos*]" = "iPhone Developer";
				COPY_PHASE_STRIP = NO;
				DEBUG_INFORMATION_FORMAT = "dwarf-with-dsym";
				ENABLE_NS_ASSERTIONS = NO;
				ENABLE_STRICT_OBJC_MSGSEND = YES;
				GCC_C_LANGUAGE_STANDARD = gnu99;
				GCC_NO_COMMON_BLOCKS = YES;
				GCC_WARN_64_TO_32_BIT_CONVERSION = YES;
				GCC_WARN_ABOUT_RETURN_TYPE = YES_ERROR;
				GCC_WARN_UNDECLARED_SELECTOR = YES;
				GCC_WARN_UNINITIALIZED_AUTOS = YES_AGGRESSIVE;
				GCC_WARN_UNUSED_FUNCTION = YES;
				GCC_WARN_UNUSED_VARIABLE = YES;
				IPHONEOS_DEPLOYMENT_TARGET = 8.3;
				MTL_ENABLE_DEBUG_INFO = NO;
				SDKROOT = iphoneos;
				VALIDATE_PRODUCT = YES;
			};
			name = Release;
		};
		B08CB97D1B1925BF004156BC /* Debug */ = {
			isa = XCBuildConfiguration;
			buildSettings = {
				ASSETCATALOG_COMPILER_APPICON_NAME = AppIcon;
				INFOPLIST_FILE = PickerView/Info.plist;
				LD_RUNPATH_SEARCH_PATHS = "$(inherited) @executable_path/Frameworks";
				PRODUCT_NAME = "$(TARGET_NAME)";
			};
			name = Debug;
		};
		B08CB97E1B1925BF004156BC /* Release */ = {
			isa = XCBuildConfiguration;
			buildSettings = {
				ASSETCATALOG_COMPILER_APPICON_NAME = AppIcon;
				INFOPLIST_FILE = PickerView/Info.plist;
				LD_RUNPATH_SEARCH_PATHS = "$(inherited) @executable_path/Frameworks";
				PRODUCT_NAME = "$(TARGET_NAME)";
			};
			name = Release;
		};
		B08CB9801B1925BF004156BC /* Debug */ = {
			isa = XCBuildConfiguration;
			buildSettings = {
				BUNDLE_LOADER = "$(TEST_HOST)";
				FRAMEWORK_SEARCH_PATHS = (
					"$(SDKROOT)/Developer/Library/Frameworks",
					"$(inherited)",
				);
				GCC_PREPROCESSOR_DEFINITIONS = (
					"DEBUG=1",
					"$(inherited)",
				);
				INFOPLIST_FILE = PickerViewTests/Info.plist;
				LD_RUNPATH_SEARCH_PATHS = "$(inherited) @executable_path/Frameworks @loader_path/Frameworks";
				PRODUCT_NAME = "$(TARGET_NAME)";
				TEST_HOST = "$(BUILT_PRODUCTS_DIR)/PickerView.app/PickerView";
			};
			name = Debug;
		};
		B08CB9811B1925BF004156BC /* Release */ = {
			isa = XCBuildConfiguration;
			buildSettings = {
				BUNDLE_LOADER = "$(TEST_HOST)";
				FRAMEWORK_SEARCH_PATHS = (
					"$(SDKROOT)/Developer/Library/Frameworks",
					"$(inherited)",
				);
				INFOPLIST_FILE = PickerViewTests/Info.plist;
				LD_RUNPATH_SEARCH_PATHS = "$(inherited) @executable_path/Frameworks @loader_path/Frameworks";
				PRODUCT_NAME = "$(TARGET_NAME)";
				TEST_HOST = "$(BUILT_PRODUCTS_DIR)/PickerView.app/PickerView";
			};
			name = Release;
		};
/* End XCBuildConfiguration section */

/* Begin XCConfigurationList section */
		B08CB9581B1925BF004156BC /* Build configuration list for PBXProject "PickerView" */ = {
			isa = XCConfigurationList;
			buildConfigurations = (
				B08CB97A1B1925BF004156BC /* Debug */,
				B08CB97B1B1925BF004156BC /* Release */,
			);
			defaultConfigurationIsVisible = 0;
			defaultConfigurationName = Release;
		};
		B08CB97C1B1925BF004156BC /* Build configuration list for PBXNativeTarget "PickerView" */ = {
			isa = XCConfigurationList;
			buildConfigurations = (
				B08CB97D1B1925BF004156BC /* Debug */,
				B08CB97E1B1925BF004156BC /* Release */,
			);
			defaultConfigurationIsVisible = 0;
		};
		B08CB97F1B1925BF004156BC /* Build configuration list for PBXNativeTarget "PickerViewTests" */ = {
			isa = XCConfigurationList;
			buildConfigurations = (
				B08CB9801B1925BF004156BC /* Debug */,
				B08CB9811B1925BF004156BC /* Release */,
			);
			defaultConfigurationIsVisible = 0;
		};
/* End XCConfigurationList section */
	};
	rootObject = B08CB9551B1925BF004156BC /* Project object */;
}
